
Microsoft Visual Studio Solution File, Format Version 10.00
# Visual Studio 2008
Project("{FAE04EC0-301F-11D3-BF4B-00C04F79EFBC}") = "RokuTV", "RokuTV\RokuTV.csproj", "{1463B30E-4DF2-4D2B-8E06-663EF09BF372}"
EndProject
Global
	GlobalSection(SolutionConfigurationPlatforms) = preSolution
		Debug|Any CPU = Debug|Any CPU
		Release|Any CPU = Release|Any CPU
	EndGlobalSection
	GlobalSection(ProjectConfigurationPlatforms) = postSolution
		{1463B30E-4DF2-4D2B-8E06-663EF09BF372}.Debug|Any CPU.ActiveCfg = Debug|Any CPU
		{1463B30E-4DF2-4D2B-8E06-663EF09BF372}.Debug|Any CPU.Build.0 = Debug|Any CPU
		{1463B30E-4DF2-4D2B-8E06-663EF09BF372}.Release|Any CPU.ActiveCfg = Release|Any CPU
		{1463B30E-4DF2-4D2B-8E06-663EF09BF372}.Release|Any CPU.Build.0 = Release|Any CPU
	EndGlobalSection
	GlobalSection(SolutionProperties) = preSolution
		HideSolutionNode = FALSE
	EndGlobalSection
EndGlobal
